github.com/google/uuid v1.3.0 h1:t6JiXgmwXMjEs8VusXIJk2BXHsn+wx8BZdTaoZ5fu7I=
github.com/google/uuid v1.3.0/go.mod h1:TIyPZe4MgqvfeYDBFedMoGGpEw/LqOeaOT+nhxU+yHo=
github.com/tencentcloud/tencentcloud-sdk-go/tencentcloud/common v1.0.304 h1:WOhtD9UtB10DNCq2b8gAop4sQcQ665QA3mr1f9M3w+w=
github.com/tencentcloud/tencentcloud-sdk-go/tencentcloud/common v1.0.304/go.mod h1:7sCQWVkxcsR38nffDW057DRGk8mUjK1Ing/EFOK8s8Y=
github.com/tencentcloud/tencentcloud-sdk-go/tencentcloud/lighthouse v1.0.304 h1:fYdCnuA3XthVJeuIPvRL92ZUlZFnqKN0rHaCafi+Fg0=
github.com/tencentcloud/tencentcloud-sdk-go/tencentcloud/lighthouse v1.0.304/go.mod h1:r8txjlw4DjLDZFOpnPC/hOFHr1VckZc0jjBK6XIFLP0=
gopkg.in/check.v1 v0.0.0-20161208181325-20d25e280405 h1:yhCVgyC4o1eVCa2tZl7eS0r+SDo693bJlVdllGtEeKM=
gopkg.in/check.v1 v0.0.0-20161208181325-20d25e280405/go.mod h1:Co6ibVJAznAaIkqp8huTwlJQCZ016jof/cbN4VW5Yz0=
gopkg.in/yaml.v2 v2.4.0 h1:D8xgwECY7CYvx+Y2n4sBz93Jn9JRvxdiyyo8CTfuKaY=
gopkg.in/yaml.v2 v2.4.0/go.mod h1:RDklbk79AGWmwhnvt/jBztapEOGDOx6ZbXqjP6csGnQ=
